# This file is automatically @generated by Cargo.
# It is not intended for manual editing.
version = 4

[[package]]
name = "shroud-adapter"
version = "0.1.0"
dependencies = [
 "shroud-batch-opening",
 "shroud-codeword-embedding",
 "shroud-core",
 "shroud-opening-projection",
 "shroud-oracle-commitment",
 "shroud-quotient-hider",
]

[[package]]
name = "shroud-batch-opening"
version = "0.1.0"
dependencies = [
 "shroud-core",
]

[[package]]
name = "shroud-codeword-embedding"
version = "0.1.0"
dependencies = [
 "shroud-core",
]

[[package]]
name = "shroud-core"
version = "0.1.0"

[[package]]
name = "shroud-opening-projection"
version = "0.1.0"
dependencies = [
 "shroud-core",
]

[[package]]
name = "shroud-oracle-commitment"
version = "0.1.0"
dependencies = [
 "shroud-core",
]

[[package]]
name = "shroud-quotient-hider"
version = "0.1.0"
dependencies = [
 "shroud-core",
]

[[package]]
name = "shroud-reference"
version = "0.1.0"
dependencies = [
 "shroud-adapter",
 "shroud-batch-opening",
 "shroud-core",
 "shroud-opening-projection",
 "shroud-oracle-commitment",
 "shroud-quotient-hider",
]
